// !$*UTF8*$!
{
	archiveVersion = 1;
	classes = {
	};
	objectVersion = 46;
	objects = {

/* Begin PBXBuildFile section */
		242DB4291A9975FF000CC644 /* AppDelegate.swift in Sources */ = {isa = PBXBuildFile; fileRef = 242DB4281A9975FF000CC644 /* AppDelegate.swift */; };
		242DB42B1A9975FF000CC644 /* ViewController.swift in Sources */ = {isa = PBXBuildFile; fileRef = 242DB42A1A9975FF000CC644 /* ViewController.swift */; };
		242DB42E1A9975FF000CC644 /* Main.storyboard in Resources */ = {isa = PBXBuildFile; fileRef = 242DB42C1A9975FF000CC644 /* Main.storyboard */; };
		242DB4301A9975FF000CC644 /* Images.xcassets in Resources */ = {isa = PBXBuildFile; fileRef = 242DB42F1A9975FF000CC644 /* Images.xcassets */; };
		242DB4331A9975FF000CC644 /* LaunchScreen.xib in Resources */ = {isa = PBXBuildFile; fileRef = 242DB4311A9975FF000CC644 /* LaunchScreen.xib */; };
		242DB43F1A9975FF000CC644 /* TipCalculatorTests.swift in Sources */ = {isa = PBXBuildFile; fileRef = 242DB43E1A9975FF000CC644 /* TipCalculatorTests.swift */; };
/* End PBXBuildFile section */

/* Begin PBXContainerItemProxy section */
		242DB4391A9975FF000CC644 /* PBXContainerItemProxy */ = {
			isa = PBXContainerItemProxy;
			containerPortal = 242DB41B1A9975FE000CC644 /* Project object */;
			proxyType = 1;
			remoteGlobalIDString = 242DB4221A9975FF000CC644;
			remoteInfo = TipCalculator;
		};
/* End PBXContainerItemProxy section */

/* Begin PBXFileReference section */
		242DB4231A9975FF000CC644 /* TipCalculator.app */ = {isa = PBXFileReference; explicitFileType = wrapper.application; includeInIndex = 0; path = TipCalculator.app; sourceTree = BUILT_PRODUCTS_DIR; };
		242DB4271A9975FF000CC644 /* Info.plist */ = {isa = PBXFileReference; lastKnownFileType = text.plist.xml; path = Info.plist; sourceTree = "<group>"; };
		242DB4281A9975FF000CC644 /* AppDelegate.swift */ = {isa = PBXFileReference; lastKnownFileType = sourcecode.swift; path = AppDelegate.swift; sourceTree = "<group>"; };
		242DB42A1A9975FF000CC644 /* ViewController.swift */ = {isa = PBXFileReference; lastKnownFileType = sourcecode.swift; path = ViewController.swift; sourceTree = "<group>"; };
		242DB42D1A9975FF000CC644 /* Base */ = {isa = PBXFileReference; lastKnownFileType = file.storyboard; name = Base; path = Base.lproj/Main.storyboard; sourceTree = "<group>"; };
		242DB42F1A9975FF000CC644 /* Images.xcassets */ = {isa = PBXFileReference; lastKnownFileType = folder.assetcatalog; path = Images.xcassets; sourceTree = "<group>"; };
		242DB4321A9975FF000CC644 /* Base */ = {isa = PBXFileReference; lastKnownFileType = file.xib; name = Base; path = Base.lproj/LaunchScreen.xib; sourceTree = "<group>"; };
		242DB4381A9975FF000CC644 /* TipCalculatorTests.xctest */ = {isa = PBXFileReference; explicitFileType = wrapper.cfbundle; includeInIndex = 0; path = TipCalculatorTests.xctest; sourceTree = BUILT_PRODUCTS_DIR; };
		242DB43D1A9975FF000CC644 /* Info.plist */ = {isa = PBXFileReference; lastKnownFileType = text.plist.xml; path = Info.plist; sourceTree = "<group>"; };
		242DB43E1A9975FF000CC644 /* TipCalculatorTests.swift */ = {isa = PBXFileReference; lastKnownFileType = sourcecode.swift; path = TipCalculatorTests.swift; sourceTree = "<group>"; };
/* End PBXFileReference section */

/* Begin PBXFrameworksBuildPhase section */
		242DB4201A9975FF000CC644 /* Frameworks */ = {
			isa = PBXFrameworksBuildPhase;
			buildActionMask = 2147483647;
			files = (
			);
			runOnlyForDeploymentPostprocessing = 0;
		};
		242DB4351A9975FF000CC644 /* Frameworks */ = {
			isa = PBXFrameworksBuildPhase;
			buildActionMask = 2147483647;
			files = (
			);
			runOnlyForDeploymentPostprocessing = 0;
		};
/* End PBXFrameworksBuildPhase section */

/* Begin PBXGroup section */
		242DB41A1A9975FE000CC644 = {
			isa = PBXGroup;
			children = (
				242DB4251A9975FF000CC644 /* TipCalculator */,
				242DB43B1A9975FF000CC644 /* TipCalculatorTests */,
				242DB4241A9975FF000CC644 /* Products */,
			);
			sourceTree = "<group>";
		};
		242DB4241A9975FF000CC644 /* Products */ = {
			isa = PBXGroup;
			children = (
				242DB4231A9975FF000CC644 /* TipCalculator.app */,
				242DB4381A9975FF000CC644 /* TipCalculatorTests.xctest */,
			);
			name = Products;
			sourceTree = "<group>";
		};
		242DB4251A9975FF000CC644 /* TipCalculator */ = {
			isa = PBXGroup;
			children = (
				242DB4281A9975FF000CC644 /* AppDelegate.swift */,
				242DB42A1A9975FF000CC644 /* ViewController.swift */,
				242DB42C1A9975FF000CC644 /* Main.storyboard */,
				242DB42F1A9975FF000CC644 /* Images.xcassets */,
				242DB4311A9975FF000CC644 /* LaunchScreen.xib */,
				242DB4261A9975FF000CC644 /* Supporting Files */,
			);
			path = TipCalculator;
			sourceTree = "<group>";
		};
		242DB4261A9975FF000CC644 /* Supporting Files */ = {
			isa = PBXGroup;
			children = (
				242DB4271A9975FF000CC644 /* Info.plist */,
			);
			name = "Supporting Files";
			sourceTree = "<group>";
		};
		242DB43B1A9975FF000CC644 /* TipCalculatorTests */ = {
			isa = PBXGroup;
			children = (
				242DB43E1A9975FF000CC644 /* TipCalculatorTests.swift */,
				242DB43C1A9975FF000CC644 /* Supporting Files */,
			);
			path = TipCalculatorTests;
			sourceTree = "<group>";
		};
		242DB43C1A9975FF000CC644 /* Supporting Files */ = {
			isa = PBXGroup;
			children = (
				242DB43D1A9975FF000CC644 /* Info.plist */,
			);
			name = "Supporting Files";
			sourceTree = "<group>";
		};
/* End PBXGroup section */

/* Begin PBXNativeTarget section */
		242DB4221A9975FF000CC644 /* TipCalculator */ = {
			isa = PBXNativeTarget;
			buildConfigurationList = 242DB4421A9975FF000CC644 /* Build configuration list for PBXNativeTarget "TipCalculator" */;
			buildPhases = (
				242DB41F1A9975FF000CC644 /* Sources */,
				242DB4201A9975FF000CC644 /* Frameworks */,
				242DB4211A9975FF000CC644 /* Resources */,
			);
			buildRules = (
			);
			dependencies = (
			);
			name = TipCalculator;
			productName = TipCalculator;
			productReference = 242DB4231A9975FF000CC644 /* TipCalculator.app */;
			productType = "com.apple.product-type.application";
		};
		242DB4371A9975FF000CC644 /* TipCalculatorTests */ = {
			isa = PBXNativeTarget;
			buildConfigurationList = 242DB4451A9975FF000CC644 /* Build configuration list for PBXNativeTarget "TipCalculatorTests" */;
			buildPhases = (
				242DB4341A9975FF000CC644 /* Sources */,
				242DB4351A9975FF000CC644 /* Frameworks */,
				242DB4361A9975FF000CC644 /* Resources */,
			);
			buildRules = (
			);
			dependencies = (
				242DB43A1A9975FF000CC644 /* PBXTargetDependency */,
			);
			name = TipCalculatorTests;
			productName = TipCalculatorTests;
			productReference = 242DB4381A9975FF000CC644 /* TipCalculatorTests.xctest */;
			productType = "com.apple.product-type.bundle.unit-test";
		};
/* End PBXNativeTarget section */

/* Begin PBXProject section */
		242DB41B1A9975FE000CC644 /* Project object */ = {
			isa = PBXProject;
			attributes = {
				LastUpgradeCheck = 0630;
				ORGANIZATIONNAME = "Janusz Chudzynski";
				TargetAttributes = {
					242DB4221A9975FF000CC644 = {
						CreatedOnToolsVersion = 6.3;
					};
					242DB4371A9975FF000CC644 = {
						CreatedOnToolsVersion = 6.3;
						TestTargetID = 242DB4221A9975FF000CC644;
					};
				};
			};
			buildConfigurationList = 242DB41E1A9975FE000CC644 /* Build configuration list for PBXProject "TipCalculator" */;
			compatibilityVersion = "Xcode 3.2";
			developmentRegion = English;
			hasScannedForEncodings = 0;
			knownRegions = (
				en,
				Base,
			);
			mainGroup = 242DB41A1A9975FE000CC644;
			productRefGroup = 242DB4241A9975FF000CC644 /* Products */;
			projectDirPath = "";
			projectRoot = "";
			targets = (
				242DB4221A9975FF000CC644 /* TipCalculator */,
				242DB4371A9975FF000CC644 /* TipCalculatorTests */,
			);
		};
/* End PBXProject section */

/* Begin PBXResourcesBuildPhase section */
		242DB4211A9975FF000CC644 /* Resources */ = {
			isa = PBXResourcesBuildPhase;
			buildActionMask = 2147483647;
			files = (
				242DB42E1A9975FF000CC644 /* Main.storyboard in Resources */,
				242DB4331A9975FF000CC644 /* LaunchScreen.xib in Resources */,
				242DB4301A9975FF000CC644 /* Images.xcassets in Resources */,
			);
			runOnlyForDeploymentPostprocessing = 0;
		};
		242DB4361A9975FF000CC644 /* Resources */ = {
			isa = PBXResourcesBuildPhase;
			buildActionMask = 2147483647;
			files = (
			);
			runOnlyForDeploymentPostprocessing = 0;
		};
/* End PBXResourcesBuildPhase section */

/* Begin PBXSourcesBuildPhase section */
		242DB41F1A9975FF000CC644 /* Sources */ = {
			isa = PBXSourcesBuildPhase;
			buildActionMask = 2147483647;
			files = (
				242DB42B1A9975FF000CC644 /* ViewController.swift in Sources */,
				242DB4291A9975FF000CC644 /* AppDelegate.swift in Sources */,
			);
			runOnlyForDeploymentPostprocessing = 0;
		};
		242DB4341A9975FF000CC644 /* Sources */ = {
			isa = PBXSourcesBuildPhase;
			buildActionMask = 2147483647;
			files = (
				242DB43F1A9975FF000CC644 /* TipCalculatorTests.swift in Sources */,
			);
			runOnlyForDeploymentPostprocessing = 0;
		};
/* End PBXSourcesBuildPhase section */

/* Begin PBXTargetDependency section */
		242DB43A1A9975FF000CC644 /* PBXTargetDependency */ = {
			isa = PBXTargetDependency;
			target = 242DB4221A9975FF000CC644 /* TipCalculator */;
			targetProxy = 242DB4391A9975FF000CC644 /* PBXContainerItemProxy */;
		};
/* End PBXTargetDependency section */

/* Begin PBXVariantGroup section */
		242DB42C1A9975FF000CC644 /* Main.storyboard */ = {
			isa = PBXVariantGroup;
			children = (
				242DB42D1A9975FF000CC644 /* Base */,
			);
			name = Main.storyboard;
			sourceTree = "<group>";
		};
		242DB4311A9975FF000CC644 /* LaunchScreen.xib */ = {
			isa = PBXVariantGroup;
			children = (
				242DB4321A9975FF000CC644 /* Base */,
			);
			name = LaunchScreen.xib;
			sourceTree = "<group>";
		};
/* End PBXVariantGroup section */

/* Begin XCBuildConfiguration section */
		242DB4401A9975FF000CC644 /* Debug */ = {
			isa = XCBuildConfiguration;
			buildSettings = {
				ALWAYS_SEARCH_USER_PATHS = NO;
				CLANG_CXX_LANGUAGE_STANDARD = "gnu++0x";
				CLANG_CXX_LIBRARY = "libc++";
				CLANG_ENABLE_MODULES = YES;
				CLANG_ENABLE_OBJC_ARC = YES;
				CLANG_WARN_BOOL_CONVERSION = YES;
				CLANG_WARN_CONSTANT_CONVERSION = YES;
				CLANG_WARN_DIRECT_OBJC_ISA_USAGE = YES_ERROR;
				CLANG_WARN_EMPTY_BODY = YES;
				CLANG_WARN_ENUM_CONVERSION = YES;
				CLANG_WARN_INT_CONVERSION = YES;
				CLANG_WARN_OBJC_ROOT_CLASS = YES_ERROR;
				CLANG_WARN_UNREACHABLE_CODE = YES;
				CLANG_WARN__DUPLICATE_METHOD_MATCH = YES;
				"CODE_SIGN_IDENTITY[sdk=iphoneos*]" = "iPhone Developer";
				COPY_PHASE_STRIP = NO;
				DEBUG_INFORMATION_FORMAT = dwarf;
				ENABLE_STRICT_OBJC_MSGSEND = YES;
				GCC_C_LANGUAGE_STANDARD = gnu99;
				GCC_DYNAMIC_NO_PIC = NO;
				GCC_OPTIMIZATION_LEVEL = 0;
				GCC_PREPROCESSOR_DEFINITIONS = (
					"DEBUG=1",
					"$(inherited)",
				);
				GCC_SYMBOLS_PRIVATE_EXTERN = NO;
				GCC_WARN_64_TO_32_BIT_CONVERSION = YES;
				GCC_WARN_ABOUT_RETURN_TYPE = YES_ERROR;
				GCC_WARN_UNDECLARED_SELECTOR = YES;
				GCC_WARN_UNINITIALIZED_AUTOS = YES_AGGRESSIVE;
				GCC_WARN_UNUSED_FUNCTION = YES;
				GCC_WARN_UNUSED_VARIABLE = YES;
				IPHONEOS_DEPLOYMENT_TARGET = 8.3;
				MTL_ENABLE_DEBUG_INFO = YES;
				ONLY_ACTIVE_ARCH = YES;
				SDKROOT = iphoneos;
				SWIFT_OPTIMIZATION_LEVEL = "-Onone";
			};
			name = Debug;
		};
		242DB4411A9975FF000CC644 /* Release */ = {
			isa = XCBuildConfiguration;
			buildSettings = {
				ALWAYS_SEARCH_USER_PATHS = NO;
				CLANG_CXX_LANGUAGE_STANDARD = "gnu++0x";
				CLANG_CXX_LIBRARY = "libc++";
				CLANG_ENABLE_MODULES = YES;
				CLANG_ENABLE_OBJC_ARC = YES;
				CLANG_WARN_BOOL_CONVERSION = YES;
				CLANG_WARN_CONSTANT_CONVERSION = YES;
				CLANG_WARN_DIRECT_OBJC_ISA_USAGE = YES_ERROR;
				CLANG_WARN_EMPTY_BODY = YES;
				CLANG_WARN_ENUM_CONVERSION = YES;
				CLANG_WARN_INT_CONVERSION = YES;
				CLANG_WARN_OBJC_ROOT_CLASS = YES_ERROR;
				CLANG_WARN_UNREACHABLE_CODE = YES;
				CLANG_WARN__DUPLICATE_METHOD_MATCH = YES;
				"CODE_SIGN_IDENTITY[sdk=iphoneos*]" = "iPhone Developer";
				COPY_PHASE_STRIP = NO;
				DEBUG_INFORMATION_FORMAT = "dwarf-with-dsym";
				ENABLE_NS_ASSERTIONS = NO;
				ENABLE_STRICT_OBJC_MSGSEND = YES;
				GCC_C_LANGUAGE_STANDARD = gnu99;
				GCC_WARN_64_TO_32_BIT_CONVERSION = YES;
				GCC_WARN_ABOUT_RETURN_TYPE = YES_ERROR;
				GCC_WARN_UNDECLARED_SELECTOR = YES;
				GCC_WARN_UNINITIALIZED_AUTOS = YES_AGGRESSIVE;
				GCC_WARN_UNUSED_FUNCTION = YES;
				GCC_WARN_UNUSED_VARIABLE = YES;
				IPHONEOS_DEPLOYMENT_TARGET = 8.3;
				MTL_ENABLE_DEBUG_INFO = NO;
				SDKROOT = iphoneos;
				VALIDATE_PRODUCT = YES;
			};
			name = Release;
		};
		242DB4431A9975FF000CC644 /* Debug */ = {
			isa = XCBuildConfiguration;
			buildSettings = {
				ASSETCATALOG_COMPILER_APPICON_NAME = AppIcon;
				INFOPLIST_FILE = TipCalculator/Info.plist;
				LD_RUNPATH_SEARCH_PATHS = "$(inherited) @executable_path/Frameworks";
				PRODUCT_NAME = "$(TARGET_NAME)";
			};
			name = Debug;
		};
		242DB4441A9975FF000CC644 /* Release */ = {
			isa = XCBuildConfiguration;
			buildSettings = {
				ASSETCATALOG_COMPILER_APPICON_NAME = AppIcon;
				INFOPLIST_FILE = TipCalculator/Info.plist;
				LD_RUNPATH_SEARCH_PATHS = "$(inherited) @executable_path/Frameworks";
				PRODUCT_NAME = "$(TARGET_NAME)";
			};
			name = Release;
		};
		242DB4461A9975FF000CC644 /* Debug */ = {
			isa = XCBuildConfiguration;
			buildSettings = {
				BUNDLE_LOADER = "$(TEST_HOST)";
				FRAMEWORK_SEARCH_PATHS = (
					"$(SDKROOT)/Developer/Library/Frameworks",
					"$(inherited)",
				);
				GCC_PREPROCESSOR_DEFINITIONS = (
					"DEBUG=1",
					"$(inherited)",
				);
				INFOPLIST_FILE = TipCalculatorTests/Info.plist;
				LD_RUNPATH_SEARCH_PATHS = "$(inherited) @executable_path/Frameworks @loader_path/Frameworks";
				PRODUCT_NAME = "$(TARGET_NAME)";
				TEST_HOST = "$(BUILT_PRODUCTS_DIR)/TipCalculator.app/TipCalculator";
			};
			name = Debug;
		};
		242DB4471A9975FF000CC644 /* Release */ = {
			isa = XCBuildConfiguration;
			buildSettings = {
				BUNDLE_LOADER = "$(TEST_HOST)";
				FRAMEWORK_SEARCH_PATHS = (
					"$(SDKROOT)/Developer/Library/Frameworks",
					"$(inherited)",
				);
				INFOPLIST_FILE = TipCalculatorTests/Info.plist;
				LD_RUNPATH_SEARCH_PATHS = "$(inherited) @executable_path/Frameworks @loader_path/Frameworks";
				PRODUCT_NAME = "$(TARGET_NAME)";
				TEST_HOST = "$(BUILT_PRODUCTS_DIR)/TipCalculator.app/TipCalculator";
			};
			name = Release;
		};
/* End XCBuildConfiguration section */

/* Begin XCConfigurationList section */
		242DB41E1A9975FE000CC644 /* Build configuration list for PBXProject "TipCalculator" */ = {
			isa = XCConfigurationList;
			buildConfigurations = (
				242DB4401A9975FF000CC644 /* Debug */,
				242DB4411A9975FF000CC644 /* Release */,
			);
			defaultConfigurationIsVisible = 0;
			defaultConfigurationName = Release;
		};
		242DB4421A9975FF000CC644 /* Build configuration list for PBXNativeTarget "TipCalculator" */ = {
			isa = XCConfigurationList;
			buildConfigurations = (
				242DB4431A9975FF000CC644 /* Debug */,
				242DB4441A9975FF000CC644 /* Release */,
			);
			defaultConfigurationIsVisible = 0;
		};
		242DB4451A9975FF000CC644 /* Build configuration list for PBXNativeTarget "TipCalculatorTests" */ = {
			isa = XCConfigurationList;
			buildConfigurations = (
				242DB4461A9975FF000CC644 /* Debug */,
				242DB4471A9975FF000CC644 /* Release */,
			);
			defaultConfigurationIsVisible = 0;
		};
/* End XCConfigurationList section */
	};
	rootObject = 242DB41B1A9975FE000CC644 /* Project object */;
}
